
Microsoft Visual Studio Solution File, Format Version 10.00
# Visual C# Express 2008
Project("{FAE04EC0-301F-11D3-BF4B-00C04F79EFBC}") = "Forms", "Forms.csproj", "{24F8D2B5-BFD2-4498-BF1D-1804FBDD91CE}"
EndProject
Global
	GlobalSection(SolutionConfigurationPlatforms) = preSolution
		Debug|Any CPU = Debug|Any CPU
		Release|Any CPU = Release|Any CPU
	EndGlobalSection
	GlobalSection(ProjectConfigurationPlatforms) = postSolution
		{24F8D2B5-BFD2-4498-BF1D-1804FBDD91CE}.Debug|Any CPU.ActiveCfg = Debug|Any CPU
		{24F8D2B5-BFD2-4498-BF1D-1804FBDD91CE}.Debug|Any CPU.Build.0 = Debug|Any CPU
		{24F8D2B5-BFD2-4498-BF1D-1804FBDD91CE}.Release|Any CPU.ActiveCfg = Release|Any CPU
		{24F8D2B5-BFD2-4498-BF1D-1804FBDD91CE}.Release|Any CPU.Build.0 = Release|Any CPU
	EndGlobalSection
	GlobalSection(SolutionProperties) = preSolution
		HideSolutionNode = FALSE
	EndGlobalSection
EndGlobal
