<?xml version="1.0" encoding="utf-8"?>
<Project xmlns="http://schemas.microsoft.com/developer/msbuild/2003">
  <PropertyGroup>
    <ProjectGuid>{2f89de45-5501-4199-96f4-3f34a0a25422}</ProjectGuid>
    <Configuration Condition=" '$(Configuration)' == '' ">Debug</Configuration>
    <Platform Condition=" '$(Platform)' == '' ">AnyCPU</Platform>
    <DCC_DCCCompiler>DCCIL</DCC_DCCCompiler>
    <DCC_DependencyCheckOutputName>Test.exe</DCC_DependencyCheckOutputName>
    <MainSource>Test.dpr</MainSource>
    <DCC_EnabledPackages>true</DCC_EnabledPackages>
    <DCC_UsePackage>R:\.NET.2\CD1\WPF\Forms.dll;""C:\Program Files\Reference Assemblies\Microsoft\Framework\v3.0\PresentationFramework.dll"";C:\WINDOWS\Microsoft.NET\Framework\v2.0.50727\System.XML.dll;C:\WINDOWS\Microsoft.NET\Framework\v2.0.50727\System.dll</DCC_UsePackage>
  </PropertyGroup>
  <PropertyGroup Condition=" '$(Configuration)|$(Platform)' == 'Release|AnyCPU' ">
    <Version>7.0</Version>
    <DCC_Alignment>4</DCC_Alignment>
    <DCC_DebugInformation>False</DCC_DebugInformation>
    <DCC_WriteableConstants>True</DCC_WriteableConstants>
    <DCC_LocalDebugSymbols>False</DCC_LocalDebugSymbols>
    <DCC_SymbolReferenceInfo>0</DCC_SymbolReferenceInfo>
    <DCC_DebugInfoInExe>True</DCC_DebugInfoInExe>
    <DCC_DebugVN>True</DCC_DebugVN>
    <DCC_ExeOutput>.\</DCC_ExeOutput>
    <DCC_DcuOutput>dcuil</DCC_DcuOutput>
    <DCC_ObjOutput>dcuil</DCC_ObjOutput>
    <DCC_HppOutput>dcuil</DCC_HppOutput>
    <DCC_BplOutput>dcuil</DCC_BplOutput>
    <DCC_DcpOutput>dcuil</DCC_DcpOutput>
    <DCC_UnitSearchPath>dcuil</DCC_UnitSearchPath>
    <DCC_ResourcePath>dcuil</DCC_ResourcePath>
    <DCC_IncludePath>dcuil</DCC_IncludePath>
    <DCC_Define>RELEASE</DCC_Define>
    <DCC_DUPLICATES_IGNORED>False</DCC_DUPLICATES_IGNORED>
  </PropertyGroup>
  <PropertyGroup Condition=" '$(Configuration)|$(Platform)' == 'Debug|AnyCPU' ">
    <Version>7.0</Version>
    <DCC_Alignment>4</DCC_Alignment>
    <DCC_WriteableConstants>True</DCC_WriteableConstants>
    <DCC_DebugInfoInExe>True</DCC_DebugInfoInExe>
    <DCC_DebugVN>True</DCC_DebugVN>
    <DCC_ExeOutput>.\</DCC_ExeOutput>
    <DCC_DcuOutput>dcuil</DCC_DcuOutput>
    <DCC_ObjOutput>dcuil</DCC_ObjOutput>
    <DCC_HppOutput>dcuil</DCC_HppOutput>
    <DCC_BplOutput>dcuil</DCC_BplOutput>
    <DCC_DcpOutput>dcuil</DCC_DcpOutput>
    <DCC_UnitSearchPath>C:\WINDOWS\Microsoft.NET\Framework\v2.0.50727;C:\Program Files\Reference Assemblies\Microsoft\Framework\v3.0;C:\Program Files\Reference Assemblies\Microsoft\Framework\v3.5;C:\WINDOWS\Microsoft.NET\Framework\v3.0\WPF;R:\.NET.2\CD1\WPF</DCC_UnitSearchPath>
    <DCC_ResourcePath>C:\WINDOWS\Microsoft.NET\Framework\v2.0.50727;C:\Program Files\Reference Assemblies\Microsoft\Framework\v3.0;C:\Program Files\Reference Assemblies\Microsoft\Framework\v3.5;C:\WINDOWS\Microsoft.NET\Framework\v3.0\WPF;R:\.NET.2\CD1\WPF</DCC_ResourcePath>
    <DCC_IncludePath>C:\WINDOWS\Microsoft.NET\Framework\v2.0.50727;C:\Program Files\Reference Assemblies\Microsoft\Framework\v3.0;C:\Program Files\Reference Assemblies\Microsoft\Framework\v3.5;C:\WINDOWS\Microsoft.NET\Framework\v3.0\WPF;R:\.NET.2\CD1\WPF</DCC_IncludePath>
    <DCC_Define>DEBUG</DCC_Define>
    <DCC_DUPLICATES_IGNORED>False</DCC_DUPLICATES_IGNORED>
    <DCC_RangeChecking>True</DCC_RangeChecking>
  </PropertyGroup>
  <ProjectExtensions>
    <Borland.Personality>DelphiDotNet.Personality</Borland.Personality>
    <Borland.ProjectType />
    <BorlandProject>
<BorlandProject><DelphiDotNet.Personality><Parameters><Parameters Name="UseLauncher">False</Parameters><Parameters Name="LoadAllSymbols">True</Parameters><Parameters Name="LoadUnspecifiedSymbols">False</Parameters></Parameters><VersionInfo><VersionInfo Name="IncludeVerInfo">False</VersionInfo><VersionInfo Name="AutoIncBuild">False</VersionInfo><VersionInfo Name="MajorVer">1</VersionInfo><VersionInfo Name="MinorVer">0</VersionInfo><VersionInfo Name="Release">0</VersionInfo><VersionInfo Name="Build">0</VersionInfo><VersionInfo Name="Debug">False</VersionInfo><VersionInfo Name="PreRelease">False</VersionInfo><VersionInfo Name="Special">False</VersionInfo><VersionInfo Name="Private">False</VersionInfo><VersionInfo Name="DLL">False</VersionInfo><VersionInfo Name="Locale">2057</VersionInfo><VersionInfo Name="CodePage">1252</VersionInfo></VersionInfo><VersionInfoKeys><VersionInfoKeys Name="CompanyName"></VersionInfoKeys><VersionInfoKeys Name="FileDescription"></VersionInfoKeys><VersionInfoKeys Name="FileVersion">1.0.0.0</VersionInfoKeys><VersionInfoKeys Name="InternalName"></VersionInfoKeys><VersionInfoKeys Name="LegalCopyright"></VersionInfoKeys><VersionInfoKeys Name="LegalTrademarks"></VersionInfoKeys><VersionInfoKeys Name="OriginalFilename"></VersionInfoKeys><VersionInfoKeys Name="ProductName"></VersionInfoKeys><VersionInfoKeys Name="ProductVersion">1.0.0.0</VersionInfoKeys><VersionInfoKeys Name="Comments"></VersionInfoKeys></VersionInfoKeys><Source><Source Name="MainSource">Test.dpr</Source></Source></DelphiDotNet.Personality></BorlandProject></BorlandProject>
  </ProjectExtensions>
  <Import Project="$(MSBuildBinPath)\Borland.Delphi.Targets" />
  <ItemGroup>
    <Reference Include="$(SystemRoot)\Microsoft.NET\Framework\v2.0.50727\System.dll">
      <AssemblyName>System</AssemblyName>
      <Version>2.0.0.0</Version>
      <HintPath>$(SystemRoot)\Microsoft.NET\Framework\v2.0.50727\System.dll</HintPath>
      <AssemblyTag>$(SystemRoot)\Microsoft.NET\Framework\v2.0.50727\System.dll</AssemblyTag>
      <LinkUnits>False</LinkUnits>
    </Reference>
    <Reference Include="$(SystemRoot)\Microsoft.NET\Framework\v2.0.50727\System.XML.dll">
      <AssemblyName>System.XML</AssemblyName>
      <Version>2.0.0.0</Version>
      <HintPath>$(SystemRoot)\Microsoft.NET\Framework\v2.0.50727\System.XML.dll</HintPath>
      <AssemblyTag>$(SystemRoot)\Microsoft.NET\Framework\v2.0.50727\System.XML.dll</AssemblyTag>
      <LinkUnits>False</LinkUnits>
    </Reference>
    <Reference Include="C:\Program Files\Reference Assemblies\Microsoft\Framework\v3.0\PresentationFramework.dll">
      <AssemblyName>PresentationFramework</AssemblyName>
      <Version>3.0.0.0</Version>
      <HintPath>C:\Program Files\Reference Assemblies\Microsoft\Framework\v3.0\PresentationFramework.dll</HintPath>
      <AssemblyTag>C:\Program Files\Reference Assemblies\Microsoft\Framework\v3.0\PresentationFramework.dll</AssemblyTag>
      <LinkUnits>False</LinkUnits>
    </Reference>
    <Reference Include="Forms.dll">
      <AssemblyName>Forms</AssemblyName>
      <Version>1.0.0.0</Version>
      <HintPath>Forms.dll</HintPath>
      <AssemblyTag>Forms</AssemblyTag>
      <LinkUnits>False</LinkUnits>
    </Reference>
  </ItemGroup>
  <ItemGroup>
    <DelphiCompile Include="Test.dpr">
      <MainSource>MainSource</MainSource>
    </DelphiCompile>
    <DCCReference Include="AssemblyInfo.pas" />
    <DCCReference Include="Form1.pas" />
    <DCCReference Include="Form2.pas" />
    <DCCReference Include="WPFUtils.pas" />
  </ItemGroup>
</Project>